// !$*UTF8*$!
{
	archiveVersion = 1;
	classes = {
	};
	objectVersion = 46;
	objects = {

/* Begin PBXBuildFile section */
		A301B88B1A6BE4360040102E /* main.m in Sources */ = {isa = PBXBuildFile; fileRef = A301B88A1A6BE4360040102E /* main.m */; };
		A301B8931A6BE5650040102E /* xmpWriter.m in Sources */ = {isa = PBXBuildFile; fileRef = A301B8921A6BE5650040102E /* xmpWriter.m */; };
		A31C5B841AAC124A002235ED /* Module.m in Sources */ = {isa = PBXBuildFile; fileRef = A31C5B831AAC124A002235ED /* Module.m */; };
		A3475F411B2455B1001785AD /* libxmp.a in Frameworks */ = {isa = PBXBuildFile; fileRef = A3475F401B2455B1001785AD /* libxmp.a */; };
/* End PBXBuildFile section */

/* Begin PBXCopyFilesBuildPhase section */
		A301B8851A6BE4360040102E /* CopyFiles */ = {
			isa = PBXCopyFilesBuildPhase;
			buildActionMask = 2147483647;
			dstPath = /usr/share/man/man1/;
			dstSubfolderSpec = 0;
			files = (
			);
			runOnlyForDeploymentPostprocessing = 1;
		};
/* End PBXCopyFilesBuildPhase section */

/* Begin PBXFileReference section */
		A301B8871A6BE4360040102E /* xmpWriterTest */ = {isa = PBXFileReference; explicitFileType = "compiled.mach-o.executable"; includeInIndex = 0; path = xmpWriterTest; sourceTree = BUILT_PRODUCTS_DIR; };
		A301B88A1A6BE4360040102E /* main.m */ = {isa = PBXFileReference; lastKnownFileType = sourcecode.c.objc; path = main.m; sourceTree = "<group>"; };
		A301B8911A6BE5650040102E /* xmpWriter.h */ = {isa = PBXFileReference; fileEncoding = 4; lastKnownFileType = sourcecode.c.h; name = xmpWriter.h; path = ../xmpWriter.h; sourceTree = "<group>"; };
		A301B8921A6BE5650040102E /* xmpWriter.m */ = {isa = PBXFileReference; fileEncoding = 4; lastKnownFileType = sourcecode.c.objc; name = xmpWriter.m; path = ../xmpWriter.m; sourceTree = "<group>"; };
		A301B8991A6BECCD0040102E /* xmpWriterErrors.h */ = {isa = PBXFileReference; lastKnownFileType = sourcecode.c.h; path = xmpWriterErrors.h; sourceTree = "<group>"; };
		A31C5B821AAC124A002235ED /* Module.h */ = {isa = PBXFileReference; fileEncoding = 4; lastKnownFileType = sourcecode.c.h; path = Module.h; sourceTree = "<group>"; };
		A31C5B831AAC124A002235ED /* Module.m */ = {isa = PBXFileReference; fileEncoding = 4; lastKnownFileType = sourcecode.c.objc; path = Module.m; sourceTree = "<group>"; };
		A3475F3D1B245317001785AD /* runaway.mod */ = {isa = PBXFileReference; lastKnownFileType = file; path = runaway.mod; sourceTree = "<group>"; };
		A3475F3F1B2455A7001785AD /* xmp.h */ = {isa = PBXFileReference; lastKnownFileType = sourcecode.c.h; path = xmp.h; sourceTree = "<group>"; };
		A3475F401B2455B1001785AD /* libxmp.a */ = {isa = PBXFileReference; lastKnownFileType = archive.ar; path = libxmp.a; sourceTree = "<group>"; };
/* End PBXFileReference section */

/* Begin PBXFrameworksBuildPhase section */
		A301B8841A6BE4360040102E /* Frameworks */ = {
			isa = PBXFrameworksBuildPhase;
			buildActionMask = 2147483647;
			files = (
				A3475F411B2455B1001785AD /* libxmp.a in Frameworks */,
			);
			runOnlyForDeploymentPostprocessing = 0;
		};
/* End PBXFrameworksBuildPhase section */

/* Begin PBXGroup section */
		A301B87E1A6BE4360040102E = {
			isa = PBXGroup;
			children = (
				A301B8891A6BE4360040102E /* xmpWriterTest */,
				A31C5B851AAC1250002235ED /* Module class */,
				A3475F3E1B24531F001785AD /* Test Module File */,
				A301B8881A6BE4360040102E /* Products */,
			);
			sourceTree = "<group>";
		};
		A301B8881A6BE4360040102E /* Products */ = {
			isa = PBXGroup;
			children = (
				A301B8871A6BE4360040102E /* xmpWriterTest */,
			);
			name = Products;
			sourceTree = "<group>";
		};
		A301B8891A6BE4360040102E /* xmpWriterTest */ = {
			isa = PBXGroup;
			children = (
				A301B88A1A6BE4360040102E /* main.m */,
				A301B8981A6BE6910040102E /* libxmp */,
				A301B8941A6BE56B0040102E /* xmpWriter */,
			);
			path = xmpWriterTest;
			sourceTree = "<group>";
		};
		A301B8941A6BE56B0040102E /* xmpWriter */ = {
			isa = PBXGroup;
			children = (
				A301B8911A6BE5650040102E /* xmpWriter.h */,
				A301B8921A6BE5650040102E /* xmpWriter.m */,
				A301B8991A6BECCD0040102E /* xmpWriterErrors.h */,
			);
			name = xmpWriter;
			sourceTree = "<group>";
		};
		A301B8981A6BE6910040102E /* libxmp */ = {
			isa = PBXGroup;
			children = (
				A3475F3F1B2455A7001785AD /* xmp.h */,
				A3475F401B2455B1001785AD /* libxmp.a */,
			);
			name = libxmp;
			sourceTree = "<group>";
		};
		A31C5B851AAC1250002235ED /* Module class */ = {
			isa = PBXGroup;
			children = (
				A31C5B821AAC124A002235ED /* Module.h */,
				A31C5B831AAC124A002235ED /* Module.m */,
			);
			name = "Module class";
			sourceTree = "<group>";
		};
		A3475F3E1B24531F001785AD /* Test Module File */ = {
			isa = PBXGroup;
			children = (
				A3475F3D1B245317001785AD /* runaway.mod */,
			);
			name = "Test Module File";
			sourceTree = "<group>";
		};
/* End PBXGroup section */

/* Begin PBXNativeTarget section */
		A301B8861A6BE4360040102E /* xmpWriterTest */ = {
			isa = PBXNativeTarget;
			buildConfigurationList = A301B88E1A6BE4360040102E /* Build configuration list for PBXNativeTarget "xmpWriterTest" */;
			buildPhases = (
				A301B8831A6BE4360040102E /* Sources */,
				A301B8841A6BE4360040102E /* Frameworks */,
				A301B8851A6BE4360040102E /* CopyFiles */,
			);
			buildRules = (
			);
			dependencies = (
			);
			name = xmpWriterTest;
			productName = xmpWriterTest;
			productReference = A301B8871A6BE4360040102E /* xmpWriterTest */;
			productType = "com.apple.product-type.tool";
		};
/* End PBXNativeTarget section */

/* Begin PBXProject section */
		A301B87F1A6BE4360040102E /* Project object */ = {
			isa = PBXProject;
			attributes = {
				LastUpgradeCheck = 0610;
				ORGANIZATIONNAME = "Douglas Carmichael";
				TargetAttributes = {
					A301B8861A6BE4360040102E = {
						CreatedOnToolsVersion = 6.1.1;
					};
				};
			};
			buildConfigurationList = A301B8821A6BE4360040102E /* Build configuration list for PBXProject "xmpWriterTest" */;
			compatibilityVersion = "Xcode 3.2";
			developmentRegion = English;
			hasScannedForEncodings = 0;
			knownRegions = (
				en,
			);
			mainGroup = A301B87E1A6BE4360040102E;
			productRefGroup = A301B8881A6BE4360040102E /* Products */;
			projectDirPath = "";
			projectRoot = "";
			targets = (
				A301B8861A6BE4360040102E /* xmpWriterTest */,
			);
		};
/* End PBXProject section */

/* Begin PBXSourcesBuildPhase section */
		A301B8831A6BE4360040102E /* Sources */ = {
			isa = PBXSourcesBuildPhase;
			buildActionMask = 2147483647;
			files = (
				A31C5B841AAC124A002235ED /* Module.m in Sources */,
				A301B8931A6BE5650040102E /* xmpWriter.m in Sources */,
				A301B88B1A6BE4360040102E /* main.m in Sources */,
			);
			runOnlyForDeploymentPostprocessing = 0;
		};
/* End PBXSourcesBuildPhase section */

/* Begin XCBuildConfiguration section */
		A301B88C1A6BE4360040102E /* Debug */ = {
			isa = XCBuildConfiguration;
			buildSettings = {
				ALWAYS_SEARCH_USER_PATHS = NO;
				CLANG_CXX_LANGUAGE_STANDARD = "gnu++0x";
				CLANG_CXX_LIBRARY = "libc++";
				CLANG_ENABLE_MODULES = YES;
				CLANG_ENABLE_OBJC_ARC = YES;
				CLANG_WARN_BOOL_CONVERSION = YES;
				CLANG_WARN_CONSTANT_CONVERSION = YES;
				CLANG_WARN_DIRECT_OBJC_ISA_USAGE = YES_ERROR;
				CLANG_WARN_EMPTY_BODY = YES;
				CLANG_WARN_ENUM_CONVERSION = YES;
				CLANG_WARN_INT_CONVERSION = YES;
				CLANG_WARN_OBJC_ROOT_CLASS = YES_ERROR;
				CLANG_WARN_UNREACHABLE_CODE = YES;
				CLANG_WARN__DUPLICATE_METHOD_MATCH = YES;
				COPY_PHASE_STRIP = NO;
				ENABLE_STRICT_OBJC_MSGSEND = YES;
				GCC_C_LANGUAGE_STANDARD = gnu99;
				GCC_DYNAMIC_NO_PIC = NO;
				GCC_OPTIMIZATION_LEVEL = 0;
				GCC_PREPROCESSOR_DEFINITIONS = (
					"DEBUG=1",
					"$(inherited)",
				);
				GCC_SYMBOLS_PRIVATE_EXTERN = NO;
				GCC_WARN_64_TO_32_BIT_CONVERSION = YES;
				GCC_WARN_ABOUT_RETURN_TYPE = YES_ERROR;
				GCC_WARN_UNDECLARED_SELECTOR = YES;
				GCC_WARN_UNINITIALIZED_AUTOS = YES_AGGRESSIVE;
				GCC_WARN_UNUSED_FUNCTION = YES;
				GCC_WARN_UNUSED_VARIABLE = YES;
				MACOSX_DEPLOYMENT_TARGET = 10.10;
				MTL_ENABLE_DEBUG_INFO = YES;
				ONLY_ACTIVE_ARCH = YES;
				SDKROOT = macosx;
			};
			name = Debug;
		};
		A301B88D1A6BE4360040102E /* Release */ = {
			isa = XCBuildConfiguration;
			buildSettings = {
				ALWAYS_SEARCH_USER_PATHS = NO;
				CLANG_CXX_LANGUAGE_STANDARD = "gnu++0x";
				CLANG_CXX_LIBRARY = "libc++";
				CLANG_ENABLE_MODULES = YES;
				CLANG_ENABLE_OBJC_ARC = YES;
				CLANG_WARN_BOOL_CONVERSION = YES;
				CLANG_WARN_CONSTANT_CONVERSION = YES;
				CLANG_WARN_DIRECT_OBJC_ISA_USAGE = YES_ERROR;
				CLANG_WARN_EMPTY_BODY = YES;
				CLANG_WARN_ENUM_CONVERSION = YES;
				CLANG_WARN_INT_CONVERSION = YES;
				CLANG_WARN_OBJC_ROOT_CLASS = YES_ERROR;
				CLANG_WARN_UNREACHABLE_CODE = YES;
				CLANG_WARN__DUPLICATE_METHOD_MATCH = YES;
				COPY_PHASE_STRIP = YES;
				DEBUG_INFORMATION_FORMAT = "dwarf-with-dsym";
				ENABLE_NS_ASSERTIONS = NO;
				ENABLE_STRICT_OBJC_MSGSEND = YES;
				GCC_C_LANGUAGE_STANDARD = gnu99;
				GCC_WARN_64_TO_32_BIT_CONVERSION = YES;
				GCC_WARN_ABOUT_RETURN_TYPE = YES_ERROR;
				GCC_WARN_UNDECLARED_SELECTOR = YES;
				GCC_WARN_UNINITIALIZED_AUTOS = YES_AGGRESSIVE;
				GCC_WARN_UNUSED_FUNCTION = YES;
				GCC_WARN_UNUSED_VARIABLE = YES;
				MACOSX_DEPLOYMENT_TARGET = 10.10;
				MTL_ENABLE_DEBUG_INFO = NO;
				SDKROOT = macosx;
			};
			name = Release;
		};
		A301B88F1A6BE4360040102E /* Debug */ = {
			isa = XCBuildConfiguration;
			buildSettings = {
				LIBRARY_SEARCH_PATHS = (
					"$(inherited)",
					"$(PROJECT_DIR)/xmpWriterTest",
				);
				PRODUCT_NAME = "$(TARGET_NAME)";
			};
			name = Debug;
		};
		A301B8901A6BE4360040102E /* Release */ = {
			isa = XCBuildConfiguration;
			buildSettings = {
				LIBRARY_SEARCH_PATHS = (
					"$(inherited)",
					"$(PROJECT_DIR)/xmpWriterTest",
				);
				PRODUCT_NAME = "$(TARGET_NAME)";
			};
			name = Release;
		};
/* End XCBuildConfiguration section */

/* Begin XCConfigurationList section */
		A301B8821A6BE4360040102E /* Build configuration list for PBXProject "xmpWriterTest" */ = {
			isa = XCConfigurationList;
			buildConfigurations = (
				A301B88C1A6BE4360040102E /* Debug */,
				A301B88D1A6BE4360040102E /* Release */,
			);
			defaultConfigurationIsVisible = 0;
			defaultConfigurationName = Release;
		};
		A301B88E1A6BE4360040102E /* Build configuration list for PBXNativeTarget "xmpWriterTest" */ = {
			isa = XCConfigurationList;
			buildConfigurations = (
				A301B88F1A6BE4360040102E /* Debug */,
				A301B8901A6BE4360040102E /* Release */,
			);
			defaultConfigurationIsVisible = 0;
			defaultConfigurationName = Release;
		};
/* End XCConfigurationList section */
	};
	rootObject = A301B87F1A6BE4360040102E /* Project object */;
}
